// !$*UTF8*$!
{
	archiveVersion = 1;
	classes = {
	};
	objectVersion = 56;
	objects = {

/* Begin PBXBuildFile section */
		D00D28522C2A345D00AD5B69 /* JournalViewModel.swift in Sources */ = {isa = PBXBuildFile; fileRef = D00D28512C2A345D00AD5B69 /* JournalViewModel.swift */; };
		D09A81372C280ED300240E96 /* FlourishApp.swift in Sources */ = {isa = PBXBuildFile; fileRef = D09A81362C280ED300240E96 /* FlourishApp.swift */; };
		D09A81392C280ED300240E96 /* ContentView.swift in Sources */ = {isa = PBXBuildFile; fileRef = D09A81382C280ED300240E96 /* ContentView.swift */; };
		D09A813B2C280ED400240E96 /* Assets.xcassets in Resources */ = {isa = PBXBuildFile; fileRef = D09A813A2C280ED400240E96 /* Assets.xcassets */; };
		D09A813E2C280ED400240E96 /* Preview Assets.xcassets in Resources */ = {isa = PBXBuildFile; fileRef = D09A813D2C280ED400240E96 /* Preview Assets.xcassets */; };
		D09A81462C28109B00240E96 /* EntryCard.swift in Sources */ = {isa = PBXBuildFile; fileRef = D09A81452C28109B00240E96 /* EntryCard.swift */; };
		D09A81482C2810C100240E96 /* HomeView.swift in Sources */ = {isa = PBXBuildFile; fileRef = D09A81472C2810C100240E96 /* HomeView.swift */; };
		D09A814B2C2810E700240E96 /* JournalingCard.swift in Sources */ = {isa = PBXBuildFile; fileRef = D09A814A2C2810E700240E96 /* JournalingCard.swift */; };
		D09A814D2C28110F00240E96 /* StreakDateCard.swift in Sources */ = {isa = PBXBuildFile; fileRef = D09A814C2C28110F00240E96 /* StreakDateCard.swift */; };
		D09A814F2C28113200240E96 /* TopBar.swift in Sources */ = {isa = PBXBuildFile; fileRef = D09A814E2C28113200240E96 /* TopBar.swift */; };
		D09A81522C28115500240E96 /* JournalEntry.swift in Sources */ = {isa = PBXBuildFile; fileRef = D09A81512C28115500240E96 /* JournalEntry.swift */; };
		D09A81542C28116900240E96 /* User.swift in Sources */ = {isa = PBXBuildFile; fileRef = D09A81532C28116900240E96 /* User.swift */; };
		D09A81572C28118600240E96 /* JournalContents.swift in Sources */ = {isa = PBXBuildFile; fileRef = D09A81562C28118600240E96 /* JournalContents.swift */; };
		D09A815A2C2811A600240E96 /* EntryCardData.swift in Sources */ = {isa = PBXBuildFile; fileRef = D09A81592C2811A600240E96 /* EntryCardData.swift */; };
		D09A815D2C2811DF00240E96 /* Color+Palette.swift in Sources */ = {isa = PBXBuildFile; fileRef = D09A815C2C2811DF00240E96 /* Color+Palette.swift */; };
		D09A81602C28120500240E96 /* NewEntry.swift in Sources */ = {isa = PBXBuildFile; fileRef = D09A815F2C28120500240E96 /* NewEntry.swift */; };
		D09A81622C293C3B00240E96 /* PopupView.swift in Sources */ = {isa = PBXBuildFile; fileRef = D09A81612C293C3B00240E96 /* PopupView.swift */; };
		D09A81662C2954F800240E96 /* GoogleGenerativeAI in Frameworks */ = {isa = PBXBuildFile; productRef = D09A81652C2954F800240E96 /* GoogleGenerativeAI */; };
		D09A81682C29669A00240E96 /* PromptedTextbox.swift in Sources */ = {isa = PBXBuildFile; fileRef = D09A81672C29669A00240E96 /* PromptedTextbox.swift */; };
		D09A816A2C29670000240E96 /* ActivityEntry.swift in Sources */ = {isa = PBXBuildFile; fileRef = D09A81692C29670000240E96 /* ActivityEntry.swift */; };
/* End PBXBuildFile section */

/* Begin PBXFileReference section */
		D00D28512C2A345D00AD5B69 /* JournalViewModel.swift */ = {isa = PBXFileReference; lastKnownFileType = sourcecode.swift; path = JournalViewModel.swift; sourceTree = SOURCE_ROOT; };
		D09A81332C280ED300240E96 /* Flourish.app */ = {isa = PBXFileReference; explicitFileType = wrapper.application; includeInIndex = 0; path = Flourish.app; sourceTree = BUILT_PRODUCTS_DIR; };
		D09A81362C280ED300240E96 /* FlourishApp.swift */ = {isa = PBXFileReference; lastKnownFileType = sourcecode.swift; path = FlourishApp.swift; sourceTree = "<group>"; };
		D09A81382C280ED300240E96 /* ContentView.swift */ = {isa = PBXFileReference; lastKnownFileType = sourcecode.swift; path = ContentView.swift; sourceTree = "<group>"; };
		D09A813A2C280ED400240E96 /* Assets.xcassets */ = {isa = PBXFileReference; lastKnownFileType = folder.assetcatalog; path = Assets.xcassets; sourceTree = "<group>"; };
		D09A813D2C280ED400240E96 /* Preview Assets.xcassets */ = {isa = PBXFileReference; lastKnownFileType = folder.assetcatalog; path = "Preview Assets.xcassets"; sourceTree = "<group>"; };
		D09A81452C28109B00240E96 /* EntryCard.swift */ = {isa = PBXFileReference; lastKnownFileType = sourcecode.swift; path = EntryCard.swift; sourceTree = "<group>"; };
		D09A81472C2810C100240E96 /* HomeView.swift */ = {isa = PBXFileReference; lastKnownFileType = sourcecode.swift; path = HomeView.swift; sourceTree = "<group>"; };
		D09A814A2C2810E700240E96 /* JournalingCard.swift */ = {isa = PBXFileReference; lastKnownFileType = sourcecode.swift; path = JournalingCard.swift; sourceTree = "<group>"; };
		D09A814C2C28110F00240E96 /* StreakDateCard.swift */ = {isa = PBXFileReference; lastKnownFileType = sourcecode.swift; path = StreakDateCard.swift; sourceTree = "<group>"; };
		D09A814E2C28113200240E96 /* TopBar.swift */ = {isa = PBXFileReference; lastKnownFileType = sourcecode.swift; path = TopBar.swift; sourceTree = "<group>"; };
		D09A81512C28115500240E96 /* JournalEntry.swift */ = {isa = PBXFileReference; lastKnownFileType = sourcecode.swift; path = JournalEntry.swift; sourceTree = "<group>"; };
		D09A81532C28116900240E96 /* User.swift */ = {isa = PBXFileReference; lastKnownFileType = sourcecode.swift; path = User.swift; sourceTree = "<group>"; };
		D09A81562C28118600240E96 /* JournalContents.swift */ = {isa = PBXFileReference; lastKnownFileType = sourcecode.swift; path = JournalContents.swift; sourceTree = "<group>"; };
		D09A81592C2811A600240E96 /* EntryCardData.swift */ = {isa = PBXFileReference; lastKnownFileType = sourcecode.swift; path = EntryCardData.swift; sourceTree = "<group>"; };
		D09A815C2C2811DF00240E96 /* Color+Palette.swift */ = {isa = PBXFileReference; lastKnownFileType = sourcecode.swift; path = "Color+Palette.swift"; sourceTree = "<group>"; };
		D09A815F2C28120500240E96 /* NewEntry.swift */ = {isa = PBXFileReference; lastKnownFileType = sourcecode.swift; path = NewEntry.swift; sourceTree = "<group>"; };
		D09A81612C293C3B00240E96 /* PopupView.swift */ = {isa = PBXFileReference; lastKnownFileType = sourcecode.swift; path = PopupView.swift; sourceTree = "<group>"; };
		D09A81672C29669A00240E96 /* PromptedTextbox.swift */ = {isa = PBXFileReference; lastKnownFileType = sourcecode.swift; path = PromptedTextbox.swift; sourceTree = "<group>"; };
		D09A81692C29670000240E96 /* ActivityEntry.swift */ = {isa = PBXFileReference; lastKnownFileType = sourcecode.swift; path = ActivityEntry.swift; sourceTree = "<group>"; };
/* End PBXFileReference section */

/* Begin PBXFrameworksBuildPhase section */
		D09A81302C280ED300240E96 /* Frameworks */ = {
			isa = PBXFrameworksBuildPhase;
			buildActionMask = 2147483647;
			files = (
				D09A81662C2954F800240E96 /* GoogleGenerativeAI in Frameworks */,
			);
			runOnlyForDeploymentPostprocessing = 0;
		};
/* End PBXFrameworksBuildPhase section */

/* Begin PBXGroup section */
		D00D28502C2A341300AD5B69 /* Service */ = {
			isa = PBXGroup;
			children = (
			);
			path = Service;
			sourceTree = "<group>";
		};
		D09A812A2C280ED300240E96 = {
			isa = PBXGroup;
			children = (
				D09A81352C280ED300240E96 /* Flourish */,
				D09A81342C280ED300240E96 /* Products */,
			);
			sourceTree = "<group>";
		};
		D09A81342C280ED300240E96 /* Products */ = {
			isa = PBXGroup;
			children = (
				D09A81332C280ED300240E96 /* Flourish.app */,
			);
			name = Products;
			sourceTree = "<group>";
		};
		D09A81352C280ED300240E96 /* Flourish */ = {
			isa = PBXGroup;
			children = (
				D00D28502C2A341300AD5B69 /* Service */,
				D09A81632C2951AE00240E96 /* VIewModel */,
				D09A815E2C2811F800240E96 /* View */,
				D09A815B2C2811D000240E96 /* Utilities */,
				D09A81582C28119400240E96 /* Types */,
				D09A81552C28117900240E96 /* Resources */,
				D09A81502C28114700240E96 /* Model */,
				D09A81442C28103100240E96 /* Components */,
				D09A81362C280ED300240E96 /* FlourishApp.swift */,
				D09A81382C280ED300240E96 /* ContentView.swift */,
				D09A813A2C280ED400240E96 /* Assets.xcassets */,
				D09A813C2C280ED400240E96 /* Preview Content */,
			);
			path = Flourish;
			sourceTree = "<group>";
		};
		D09A813C2C280ED400240E96 /* Preview Content */ = {
			isa = PBXGroup;
			children = (
				D09A813D2C280ED400240E96 /* Preview Assets.xcassets */,
			);
			path = "Preview Content";
			sourceTree = "<group>";
		};
		D09A81442C28103100240E96 /* Components */ = {
			isa = PBXGroup;
			children = (
				D09A81452C28109B00240E96 /* EntryCard.swift */,
				D09A814A2C2810E700240E96 /* JournalingCard.swift */,
				D09A814C2C28110F00240E96 /* StreakDateCard.swift */,
				D09A814E2C28113200240E96 /* TopBar.swift */,
				D09A81672C29669A00240E96 /* PromptedTextbox.swift */,
			);
			path = Components;
			sourceTree = "<group>";
		};
		D09A81502C28114700240E96 /* Model */ = {
			isa = PBXGroup;
			children = (
				D09A81512C28115500240E96 /* JournalEntry.swift */,
				D09A81532C28116900240E96 /* User.swift */,
			);
			path = Model;
			sourceTree = "<group>";
		};
		D09A81552C28117900240E96 /* Resources */ = {
			isa = PBXGroup;
			children = (
				D09A81562C28118600240E96 /* JournalContents.swift */,
			);
			path = Resources;
			sourceTree = "<group>";
		};
		D09A81582C28119400240E96 /* Types */ = {
			isa = PBXGroup;
			children = (
				D09A81592C2811A600240E96 /* EntryCardData.swift */,
			);
			path = Types;
			sourceTree = "<group>";
		};
		D09A815B2C2811D000240E96 /* Utilities */ = {
			isa = PBXGroup;
			children = (
				D09A815C2C2811DF00240E96 /* Color+Palette.swift */,
			);
			path = Utilities;
			sourceTree = "<group>";
		};
		D09A815E2C2811F800240E96 /* View */ = {
			isa = PBXGroup;
			children = (
				D09A81472C2810C100240E96 /* HomeView.swift */,
				D09A815F2C28120500240E96 /* NewEntry.swift */,
				D09A81612C293C3B00240E96 /* PopupView.swift */,
				D09A81692C29670000240E96 /* ActivityEntry.swift */,
			);
			path = View;
			sourceTree = "<group>";
		};
		D09A81632C2951AE00240E96 /* VIewModel */ = {
			isa = PBXGroup;
			children = (
				D00D28512C2A345D00AD5B69 /* JournalViewModel.swift */,
			);
			path = VIewModel;
			sourceTree = "<group>";
		};
/* End PBXGroup section */

/* Begin PBXNativeTarget section */
		D09A81322C280ED300240E96 /* Flourish */ = {
			isa = PBXNativeTarget;
			buildConfigurationList = D09A81412C280ED400240E96 /* Build configuration list for PBXNativeTarget "Flourish" */;
			buildPhases = (
				D09A812F2C280ED300240E96 /* Sources */,
				D09A81302C280ED300240E96 /* Frameworks */,
				D09A81312C280ED300240E96 /* Resources */,
			);
			buildRules = (
			);
			dependencies = (
			);
			name = Flourish;
			packageProductDependencies = (
				D09A81652C2954F800240E96 /* GoogleGenerativeAI */,
			);
			productName = Flourish;
			productReference = D09A81332C280ED300240E96 /* Flourish.app */;
			productType = "com.apple.product-type.application";
		};
/* End PBXNativeTarget section */

/* Begin PBXProject section */
		D09A812B2C280ED300240E96 /* Project object */ = {
			isa = PBXProject;
			attributes = {
				BuildIndependentTargetsInParallel = 1;
				LastSwiftUpdateCheck = 1530;
				LastUpgradeCheck = 1530;
				TargetAttributes = {
					D09A81322C280ED300240E96 = {
						CreatedOnToolsVersion = 15.3;
					};
				};
			};
			buildConfigurationList = D09A812E2C280ED300240E96 /* Build configuration list for PBXProject "Flourish" */;
			compatibilityVersion = "Xcode 14.0";
			developmentRegion = en;
			hasScannedForEncodings = 0;
			knownRegions = (
				en,
				Base,
			);
			mainGroup = D09A812A2C280ED300240E96;
			packageReferences = (
				D09A81642C2954F800240E96 /* XCRemoteSwiftPackageReference "generative-ai-swift" */,
			);
			productRefGroup = D09A81342C280ED300240E96 /* Products */;
			projectDirPath = "";
			projectRoot = "";
			targets = (
				D09A81322C280ED300240E96 /* Flourish */,
			);
		};
/* End PBXProject section */

/* Begin PBXResourcesBuildPhase section */
		D09A81312C280ED300240E96 /* Resources */ = {
			isa = PBXResourcesBuildPhase;
			buildActionMask = 2147483647;
			files = (
				D09A813E2C280ED400240E96 /* Preview Assets.xcassets in Resources */,
				D09A813B2C280ED400240E96 /* Assets.xcassets in Resources */,
			);
			runOnlyForDeploymentPostprocessing = 0;
		};
/* End PBXResourcesBuildPhase section */

/* Begin PBXSourcesBuildPhase section */
		D09A812F2C280ED300240E96 /* Sources */ = {
			isa = PBXSourcesBuildPhase;
			buildActionMask = 2147483647;
			files = (
				D09A81522C28115500240E96 /* JournalEntry.swift in Sources */,
				D09A815A2C2811A600240E96 /* EntryCardData.swift in Sources */,
				D09A81602C28120500240E96 /* NewEntry.swift in Sources */,
				D09A814F2C28113200240E96 /* TopBar.swift in Sources */,
				D09A81462C28109B00240E96 /* EntryCard.swift in Sources */,
				D09A814D2C28110F00240E96 /* StreakDateCard.swift in Sources */,
				D09A81482C2810C100240E96 /* HomeView.swift in Sources */,
				D09A81622C293C3B00240E96 /* PopupView.swift in Sources */,
				D00D28522C2A345D00AD5B69 /* JournalViewModel.swift in Sources */,
				D09A81542C28116900240E96 /* User.swift in Sources */,
				D09A81682C29669A00240E96 /* PromptedTextbox.swift in Sources */,
				D09A81392C280ED300240E96 /* ContentView.swift in Sources */,
				D09A814B2C2810E700240E96 /* JournalingCard.swift in Sources */,
				D09A81372C280ED300240E96 /* FlourishApp.swift in Sources */,
				D09A816A2C29670000240E96 /* ActivityEntry.swift in Sources */,
				D09A81572C28118600240E96 /* JournalContents.swift in Sources */,
				D09A815D2C2811DF00240E96 /* Color+Palette.swift in Sources */,
			);
			runOnlyForDeploymentPostprocessing = 0;
		};
/* End PBXSourcesBuildPhase section */

/* Begin XCBuildConfiguration section */
		D09A813F2C280ED400240E96 /* Debug */ = {
			isa = XCBuildConfiguration;
			buildSettings = {
				ALWAYS_SEARCH_USER_PATHS = NO;
				ASSETCATALOG_COMPILER_GENERATE_SWIFT_ASSET_SYMBOL_EXTENSIONS = YES;
				CLANG_ANALYZER_NONNULL = YES;
				CLANG_ANALYZER_NUMBER_OBJECT_CONVERSION = YES_AGGRESSIVE;
				CLANG_CXX_LANGUAGE_STANDARD = "gnu++20";
				CLANG_ENABLE_MODULES = YES;
				CLANG_ENABLE_OBJC_ARC = YES;
				CLANG_ENABLE_OBJC_WEAK = YES;
				CLANG_WARN_BLOCK_CAPTURE_AUTORELEASING = YES;
				CLANG_WARN_BOOL_CONVERSION = YES;
				CLANG_WARN_COMMA = YES;
				CLANG_WARN_CONSTANT_CONVERSION = YES;
				CLANG_WARN_DEPRECATED_OBJC_IMPLEMENTATIONS = YES;
				CLANG_WARN_DIRECT_OBJC_ISA_USAGE = YES_ERROR;
				CLANG_WARN_DOCUMENTATION_COMMENTS = YES;
				CLANG_WARN_EMPTY_BODY = YES;
				CLANG_WARN_ENUM_CONVERSION = YES;
				CLANG_WARN_INFINITE_RECURSION = YES;
				CLANG_WARN_INT_CONVERSION = YES;
				CLANG_WARN_NON_LITERAL_NULL_CONVERSION = YES;
				CLANG_WARN_OBJC_IMPLICIT_RETAIN_SELF = YES;
				CLANG_WARN_OBJC_LITERAL_CONVERSION = YES;
				CLANG_WARN_OBJC_ROOT_CLASS = YES_ERROR;
				CLANG_WARN_QUOTED_INCLUDE_IN_FRAMEWORK_HEADER = YES;
				CLANG_WARN_RANGE_LOOP_ANALYSIS = YES;
				CLANG_WARN_STRICT_PROTOTYPES = YES;
				CLANG_WARN_SUSPICIOUS_MOVE = YES;
				CLANG_WARN_UNGUARDED_AVAILABILITY = YES_AGGRESSIVE;
				CLANG_WARN_UNREACHABLE_CODE = YES;
				CLANG_WARN__DUPLICATE_METHOD_MATCH = YES;
				COPY_PHASE_STRIP = NO;
				DEBUG_INFORMATION_FORMAT = dwarf;
				ENABLE_STRICT_OBJC_MSGSEND = YES;
				ENABLE_TESTABILITY = YES;
				ENABLE_USER_SCRIPT_SANDBOXING = YES;
				GCC_C_LANGUAGE_STANDARD = gnu17;
				GCC_DYNAMIC_NO_PIC = NO;
				GCC_NO_COMMON_BLOCKS = YES;
				GCC_OPTIMIZATION_LEVEL = 0;
				GCC_PREPROCESSOR_DEFINITIONS = (
					"DEBUG=1",
					"$(inherited)",
				);
				GCC_WARN_64_TO_32_BIT_CONVERSION = YES;
				GCC_WARN_ABOUT_RETURN_TYPE = YES_ERROR;
				GCC_WARN_UNDECLARED_SELECTOR = YES;
				GCC_WARN_UNINITIALIZED_AUTOS = YES_AGGRESSIVE;
				GCC_WARN_UNUSED_FUNCTION = YES;
				GCC_WARN_UNUSED_VARIABLE = YES;
				IPHONEOS_DEPLOYMENT_TARGET = 17.4;
				LOCALIZATION_PREFERS_STRING_CATALOGS = YES;
				MTL_ENABLE_DEBUG_INFO = INCLUDE_SOURCE;
				MTL_FAST_MATH = YES;
				ONLY_ACTIVE_ARCH = YES;
				SDKROOT = iphoneos;
				SWIFT_ACTIVE_COMPILATION_CONDITIONS = "DEBUG $(inherited)";
				SWIFT_OPTIMIZATION_LEVEL = "-Onone";
			};
			name = Debug;
		};
		D09A81402C280ED400240E96 /* Release */ = {
			isa = XCBuildConfiguration;
			buildSettings = {
				ALWAYS_SEARCH_USER_PATHS = NO;
				ASSETCATALOG_COMPILER_GENERATE_SWIFT_ASSET_SYMBOL_EXTENSIONS = YES;
				CLANG_ANALYZER_NONNULL = YES;
				CLANG_ANALYZER_NUMBER_OBJECT_CONVERSION = YES_AGGRESSIVE;
				CLANG_CXX_LANGUAGE_STANDARD = "gnu++20";
				CLANG_ENABLE_MODULES = YES;
				CLANG_ENABLE_OBJC_ARC = YES;
				CLANG_ENABLE_OBJC_WEAK = YES;
				CLANG_WARN_BLOCK_CAPTURE_AUTORELEASING = YES;
				CLANG_WARN_BOOL_CONVERSION = YES;
				CLANG_WARN_COMMA = YES;
				CLANG_WARN_CONSTANT_CONVERSION = YES;
				CLANG_WARN_DEPRECATED_OBJC_IMPLEMENTATIONS = YES;
				CLANG_WARN_DIRECT_OBJC_ISA_USAGE = YES_ERROR;
				CLANG_WARN_DOCUMENTATION_COMMENTS = YES;
				CLANG_WARN_EMPTY_BODY = YES;
				CLANG_WARN_ENUM_CONVERSION = YES;
				CLANG_WARN_INFINITE_RECURSION = YES;
				CLANG_WARN_INT_CONVERSION = YES;
				CLANG_WARN_NON_LITERAL_NULL_CONVERSION = YES;
				CLANG_WARN_OBJC_IMPLICIT_RETAIN_SELF = YES;
				CLANG_WARN_OBJC_LITERAL_CONVERSION = YES;
				CLANG_WARN_OBJC_ROOT_CLASS = YES_ERROR;
				CLANG_WARN_QUOTED_INCLUDE_IN_FRAMEWORK_HEADER = YES;
				CLANG_WARN_RANGE_LOOP_ANALYSIS = YES;
				CLANG_WARN_STRICT_PROTOTYPES = YES;
				CLANG_WARN_SUSPICIOUS_MOVE = YES;
				CLANG_WARN_UNGUARDED_AVAILABILITY = YES_AGGRESSIVE;
				CLANG_WARN_UNREACHABLE_CODE = YES;
				CLANG_WARN__DUPLICATE_METHOD_MATCH = YES;
				COPY_PHASE_STRIP = NO;
				DEBUG_INFORMATION_FORMAT = "dwarf-with-dsym";
				ENABLE_NS_ASSERTIONS = NO;
				ENABLE_STRICT_OBJC_MSGSEND = YES;
				ENABLE_USER_SCRIPT_SANDBOXING = YES;
				GCC_C_LANGUAGE_STANDARD = gnu17;
				GCC_NO_COMMON_BLOCKS = YES;
				GCC_WARN_64_TO_32_BIT_CONVERSION = YES;
				GCC_WARN_ABOUT_RETURN_TYPE = YES_ERROR;
				GCC_WARN_UNDECLARED_SELECTOR = YES;
				GCC_WARN_UNINITIALIZED_AUTOS = YES_AGGRESSIVE;
				GCC_WARN_UNUSED_FUNCTION = YES;
				GCC_WARN_UNUSED_VARIABLE = YES;
				IPHONEOS_DEPLOYMENT_TARGET = 17.4;
				LOCALIZATION_PREFERS_STRING_CATALOGS = YES;
				MTL_ENABLE_DEBUG_INFO = NO;
				MTL_FAST_MATH = YES;
				SDKROOT = iphoneos;
				SWIFT_COMPILATION_MODE = wholemodule;
				VALIDATE_PRODUCT = YES;
			};
			name = Release;
		};
		D09A81422C280ED400240E96 /* Debug */ = {
			isa = XCBuildConfiguration;
			buildSettings = {
				ASSETCATALOG_COMPILER_APPICON_NAME = AppIcon;
				ASSETCATALOG_COMPILER_GLOBAL_ACCENT_COLOR_NAME = AccentColor;
				CODE_SIGN_STYLE = Automatic;
				CURRENT_PROJECT_VERSION = 1;
				DEVELOPMENT_ASSET_PATHS = "\"Flourish/Preview Content\"";
				DEVELOPMENT_TEAM = H84M48MBJL;
				ENABLE_PREVIEWS = YES;
				GENERATE_INFOPLIST_FILE = YES;
				INFOPLIST_KEY_UIApplicationSceneManifest_Generation = YES;
				INFOPLIST_KEY_UIApplicationSupportsIndirectInputEvents = YES;
				INFOPLIST_KEY_UILaunchScreen_Generation = YES;
				INFOPLIST_KEY_UISupportedInterfaceOrientations_iPad = "UIInterfaceOrientationPortrait UIInterfaceOrientationPortraitUpsideDown UIInterfaceOrientationLandscapeLeft UIInterfaceOrientationLandscapeRight";
				INFOPLIST_KEY_UISupportedInterfaceOrientations_iPhone = "UIInterfaceOrientationPortrait UIInterfaceOrientationLandscapeLeft UIInterfaceOrientationLandscapeRight";
				LD_RUNPATH_SEARCH_PATHS = (
					"$(inherited)",
					"@executable_path/Frameworks",
				);
				MARKETING_VERSION = 1.0;
				PRODUCT_BUNDLE_IDENTIFIER = "Agfi-Hermawan.Flourish";
				PRODUCT_NAME = "$(TARGET_NAME)";
				SWIFT_EMIT_LOC_STRINGS = YES;
				SWIFT_VERSION = 5.0;
				TARGETED_DEVICE_FAMILY = "1,2";
			};
			name = Debug;
		};
		D09A81432C280ED400240E96 /* Release */ = {
			isa = XCBuildConfiguration;
			buildSettings = {
				ASSETCATALOG_COMPILER_APPICON_NAME = AppIcon;
				ASSETCATALOG_COMPILER_GLOBAL_ACCENT_COLOR_NAME = AccentColor;
				CODE_SIGN_STYLE = Automatic;
				CURRENT_PROJECT_VERSION = 1;
				DEVELOPMENT_ASSET_PATHS = "\"Flourish/Preview Content\"";
				DEVELOPMENT_TEAM = H84M48MBJL;
				ENABLE_PREVIEWS = YES;
				GENERATE_INFOPLIST_FILE = YES;
				INFOPLIST_KEY_UIApplicationSceneManifest_Generation = YES;
				INFOPLIST_KEY_UIApplicationSupportsIndirectInputEvents = YES;
				INFOPLIST_KEY_UILaunchScreen_Generation = YES;
				INFOPLIST_KEY_UISupportedInterfaceOrientations_iPad = "UIInterfaceOrientationPortrait UIInterfaceOrientationPortraitUpsideDown UIInterfaceOrientationLandscapeLeft UIInterfaceOrientationLandscapeRight";
				INFOPLIST_KEY_UISupportedInterfaceOrientations_iPhone = "UIInterfaceOrientationPortrait UIInterfaceOrientationLandscapeLeft UIInterfaceOrientationLandscapeRight";
				LD_RUNPATH_SEARCH_PATHS = (
					"$(inherited)",
					"@executable_path/Frameworks",
				);
				MARKETING_VERSION = 1.0;
				PRODUCT_BUNDLE_IDENTIFIER = "Agfi-Hermawan.Flourish";
				PRODUCT_NAME = "$(TARGET_NAME)";
				SWIFT_EMIT_LOC_STRINGS = YES;
				SWIFT_VERSION = 5.0;
				TARGETED_DEVICE_FAMILY = "1,2";
			};
			name = Release;
		};
/* End XCBuildConfiguration section */

/* Begin XCConfigurationList section */
		D09A812E2C280ED300240E96 /* Build configuration list for PBXProject "Flourish" */ = {
			isa = XCConfigurationList;
			buildConfigurations = (
				D09A813F2C280ED400240E96 /* Debug */,
				D09A81402C280ED400240E96 /* Release */,
			);
			defaultConfigurationIsVisible = 0;
			defaultConfigurationName = Release;
		};
		D09A81412C280ED400240E96 /* Build configuration list for PBXNativeTarget "Flourish" */ = {
			isa = XCConfigurationList;
			buildConfigurations = (
				D09A81422C280ED400240E96 /* Debug */,
				D09A81432C280ED400240E96 /* Release */,
			);
			defaultConfigurationIsVisible = 0;
			defaultConfigurationName = Release;
		};
/* End XCConfigurationList section */

/* Begin XCRemoteSwiftPackageReference section */
		D09A81642C2954F800240E96 /* XCRemoteSwiftPackageReference "generative-ai-swift" */ = {
			isa = XCRemoteSwiftPackageReference;
			repositoryURL = "https://github.com/google/generative-ai-swift";
			requirement = {
				kind = upToNextMajorVersion;
				minimumVersion = 0.5.4;
			};
		};
/* End XCRemoteSwiftPackageReference section */

/* Begin XCSwiftPackageProductDependency section */
		D09A81652C2954F800240E96 /* GoogleGenerativeAI */ = {
			isa = XCSwiftPackageProductDependency;
			package = D09A81642C2954F800240E96 /* XCRemoteSwiftPackageReference "generative-ai-swift" */;
			productName = GoogleGenerativeAI;
		};
/* End XCSwiftPackageProductDependency section */
	};
	rootObject = D09A812B2C280ED300240E96 /* Project object */;
}
